// !$*UTF8*$!
{
	archiveVersion = 1;
	classes = {
	};
	objectVersion = 56;
	objects = {

/* Begin PBXBuildFile section */
		D33B5AFB2B1DADA300B420D4 /* AppDelegate.swift in Sources */ = {isa = PBXBuildFile; fileRef = D33B5AFA2B1DADA300B420D4 /* AppDelegate.swift */; };
		D33B5AFD2B1DADA300B420D4 /* ViewController.swift in Sources */ = {isa = PBXBuildFile; fileRef = D33B5AFC2B1DADA300B420D4 /* ViewController.swift */; };
		D33B5AFF2B1DADA300B420D4 /* Document.swift in Sources */ = {isa = PBXBuildFile; fileRef = D33B5AFE2B1DADA300B420D4 /* Document.swift */; };
		D33B5B012B1DADA500B420D4 /* Assets.xcassets in Resources */ = {isa = PBXBuildFile; fileRef = D33B5B002B1DADA500B420D4 /* Assets.xcassets */; };
		D33B5B042B1DADA500B420D4 /* Main.storyboard in Resources */ = {isa = PBXBuildFile; fileRef = D33B5B022B1DADA500B420D4 /* Main.storyboard */; };
		D33B5B0F2B1DB48200B420D4 /* PreferencesWindowController.xib in Resources */ = {isa = PBXBuildFile; fileRef = D33B5B0D2B1DB48200B420D4 /* PreferencesWindowController.xib */; };
		D33B5B112B1DB51300B420D4 /* AboutView.swift in Sources */ = {isa = PBXBuildFile; fileRef = D33B5B102B1DB51300B420D4 /* AboutView.swift */; };
		D396F5DB2B35492D0026E455 /* SwiftUIView.swift in Sources */ = {isa = PBXBuildFile; fileRef = D396F5DA2B35492D0026E455 /* SwiftUIView.swift */; };
		D396F5DD2B354B520026E455 /* AboutWindow.storyboard in Resources */ = {isa = PBXBuildFile; fileRef = D396F5DC2B354B520026E455 /* AboutWindow.storyboard */; };
		D396F5DF2B3553180026E455 /* KeyboardShortcuts.html in Resources */ = {isa = PBXBuildFile; fileRef = D396F5DE2B3553180026E455 /* KeyboardShortcuts.html */; };
/* End PBXBuildFile section */

/* Begin PBXFileReference section */
		D33B5AF72B1DADA300B420D4 /* Jot.app */ = {isa = PBXFileReference; explicitFileType = wrapper.application; includeInIndex = 0; path = Jot.app; sourceTree = BUILT_PRODUCTS_DIR; };
		D33B5AFA2B1DADA300B420D4 /* AppDelegate.swift */ = {isa = PBXFileReference; lastKnownFileType = sourcecode.swift; path = AppDelegate.swift; sourceTree = "<group>"; };
		D33B5AFC2B1DADA300B420D4 /* ViewController.swift */ = {isa = PBXFileReference; lastKnownFileType = sourcecode.swift; path = ViewController.swift; sourceTree = "<group>"; };
		D33B5AFE2B1DADA300B420D4 /* Document.swift */ = {isa = PBXFileReference; lastKnownFileType = sourcecode.swift; path = Document.swift; sourceTree = "<group>"; };
		D33B5B002B1DADA500B420D4 /* Assets.xcassets */ = {isa = PBXFileReference; lastKnownFileType = folder.assetcatalog; path = Assets.xcassets; sourceTree = "<group>"; };
		D33B5B032B1DADA500B420D4 /* Base */ = {isa = PBXFileReference; lastKnownFileType = file.storyboard; name = Base; path = Base.lproj/Main.storyboard; sourceTree = "<group>"; };
		D33B5B052B1DADA500B420D4 /* Info.plist */ = {isa = PBXFileReference; lastKnownFileType = text.plist.xml; path = Info.plist; sourceTree = "<group>"; };
		D33B5B062B1DADA500B420D4 /* Jot.entitlements */ = {isa = PBXFileReference; lastKnownFileType = text.plist.entitlements; path = Jot.entitlements; sourceTree = "<group>"; };
		D33B5B0D2B1DB48200B420D4 /* PreferencesWindowController.xib */ = {isa = PBXFileReference; lastKnownFileType = file.xib; path = PreferencesWindowController.xib; sourceTree = "<group>"; };
		D33B5B102B1DB51300B420D4 /* AboutView.swift */ = {isa = PBXFileReference; lastKnownFileType = sourcecode.swift; path = AboutView.swift; sourceTree = "<group>"; };
		D33E17062B1EF50F00747D47 /* README.md */ = {isa = PBXFileReference; lastKnownFileType = net.daringfireball.markdown; path = README.md; sourceTree = "<group>"; };
		D396F5DA2B35492D0026E455 /* SwiftUIView.swift */ = {isa = PBXFileReference; lastKnownFileType = sourcecode.swift; path = SwiftUIView.swift; sourceTree = "<group>"; };
		D396F5DC2B354B520026E455 /* AboutWindow.storyboard */ = {isa = PBXFileReference; lastKnownFileType = file.storyboard; path = AboutWindow.storyboard; sourceTree = "<group>"; };
		D396F5DE2B3553180026E455 /* KeyboardShortcuts.html */ = {isa = PBXFileReference; lastKnownFileType = text.html; path = KeyboardShortcuts.html; sourceTree = "<group>"; };
/* End PBXFileReference section */

/* Begin PBXFrameworksBuildPhase section */
		D33B5AF42B1DADA300B420D4 /* Frameworks */ = {
			isa = PBXFrameworksBuildPhase;
			buildActionMask = 2147483647;
			files = (
			);
			runOnlyForDeploymentPostprocessing = 0;
		};
/* End PBXFrameworksBuildPhase section */

/* Begin PBXGroup section */
		D33B5AEE2B1DADA300B420D4 = {
			isa = PBXGroup;
			children = (
				D33B5AF92B1DADA300B420D4 /* Jot */,
				D33B5AF82B1DADA300B420D4 /* Products */,
			);
			sourceTree = "<group>";
		};
		D33B5AF82B1DADA300B420D4 /* Products */ = {
			isa = PBXGroup;
			children = (
				D33B5AF72B1DADA300B420D4 /* Jot.app */,
			);
			name = Products;
			sourceTree = "<group>";
		};
		D33B5AF92B1DADA300B420D4 /* Jot */ = {
			isa = PBXGroup;
			children = (
				D33B5AFA2B1DADA300B420D4 /* AppDelegate.swift */,
				D396F5DC2B354B520026E455 /* AboutWindow.storyboard */,
				D33B5AFC2B1DADA300B420D4 /* ViewController.swift */,
				D396F5DA2B35492D0026E455 /* SwiftUIView.swift */,
				D33B5AFE2B1DADA300B420D4 /* Document.swift */,
				D33B5B022B1DADA500B420D4 /* Main.storyboard */,
				D33B5B0D2B1DB48200B420D4 /* PreferencesWindowController.xib */,
				D33E17062B1EF50F00747D47 /* README.md */,
				D396F5DE2B3553180026E455 /* KeyboardShortcuts.html */,
				D33B5B102B1DB51300B420D4 /* AboutView.swift */,
				D33B5B002B1DADA500B420D4 /* Assets.xcassets */,
				D33B5B052B1DADA500B420D4 /* Info.plist */,
				D33B5B062B1DADA500B420D4 /* Jot.entitlements */,
			);
			path = Jot;
			sourceTree = "<group>";
		};
/* End PBXGroup section */

/* Begin PBXNativeTarget section */
		D33B5AF62B1DADA300B420D4 /* Jot */ = {
			isa = PBXNativeTarget;
			buildConfigurationList = D33B5B092B1DADA500B420D4 /* Build configuration list for PBXNativeTarget "Jot" */;
			buildPhases = (
				D33B5AF32B1DADA300B420D4 /* Sources */,
				D33B5AF42B1DADA300B420D4 /* Frameworks */,
				D33B5AF52B1DADA300B420D4 /* Resources */,
			);
			buildRules = (
			);
			dependencies = (
			);
			name = Jot;
			productName = Jot;
			productReference = D33B5AF72B1DADA300B420D4 /* Jot.app */;
			productType = "com.apple.product-type.application";
		};
/* End PBXNativeTarget section */

/* Begin PBXProject section */
		D33B5AEF2B1DADA300B420D4 /* Project object */ = {
			isa = PBXProject;
			attributes = {
				BuildIndependentTargetsInParallel = 1;
				LastSwiftUpdateCheck = 1500;
				LastUpgradeCheck = 1500;
				TargetAttributes = {
					D33B5AF62B1DADA300B420D4 = {
						CreatedOnToolsVersion = 15.0.1;
					};
				};
			};
			buildConfigurationList = D33B5AF22B1DADA300B420D4 /* Build configuration list for PBXProject "Jot" */;
			compatibilityVersion = "Xcode 14.0";
			developmentRegion = en;
			hasScannedForEncodings = 0;
			knownRegions = (
				en,
				Base,
			);
			mainGroup = D33B5AEE2B1DADA300B420D4;
			productRefGroup = D33B5AF82B1DADA300B420D4 /* Products */;
			projectDirPath = "";
			projectRoot = "";
			targets = (
				D33B5AF62B1DADA300B420D4 /* Jot */,
			);
		};
/* End PBXProject section */

/* Begin PBXResourcesBuildPhase section */
		D33B5AF52B1DADA300B420D4 /* Resources */ = {
			isa = PBXResourcesBuildPhase;
			buildActionMask = 2147483647;
			files = (
				D396F5DF2B3553180026E455 /* KeyboardShortcuts.html in Resources */,
				D396F5DD2B354B520026E455 /* AboutWindow.storyboard in Resources */,
				D33B5B0F2B1DB48200B420D4 /* PreferencesWindowController.xib in Resources */,
				D33B5B012B1DADA500B420D4 /* Assets.xcassets in Resources */,
				D33B5B042B1DADA500B420D4 /* Main.storyboard in Resources */,
			);
			runOnlyForDeploymentPostprocessing = 0;
		};
/* End PBXResourcesBuildPhase section */

/* Begin PBXSourcesBuildPhase section */
		D33B5AF32B1DADA300B420D4 /* Sources */ = {
			isa = PBXSourcesBuildPhase;
			buildActionMask = 2147483647;
			files = (
				D33B5B112B1DB51300B420D4 /* AboutView.swift in Sources */,
				D33B5AFD2B1DADA300B420D4 /* ViewController.swift in Sources */,
				D33B5AFB2B1DADA300B420D4 /* AppDelegate.swift in Sources */,
				D33B5AFF2B1DADA300B420D4 /* Document.swift in Sources */,
				D396F5DB2B35492D0026E455 /* SwiftUIView.swift in Sources */,
			);
			runOnlyForDeploymentPostprocessing = 0;
		};
/* End PBXSourcesBuildPhase section */

/* Begin PBXVariantGroup section */
		D33B5B022B1DADA500B420D4 /* Main.storyboard */ = {
			isa = PBXVariantGroup;
			children = (
				D33B5B032B1DADA500B420D4 /* Base */,
			);
			name = Main.storyboard;
			sourceTree = "<group>";
		};
/* End PBXVariantGroup section */

/* Begin XCBuildConfiguration section */
		D33B5B072B1DADA500B420D4 /* Debug */ = {
			isa = XCBuildConfiguration;
			buildSettings = {
				ALWAYS_SEARCH_USER_PATHS = NO;
				ASSETCATALOG_COMPILER_GENERATE_SWIFT_ASSET_SYMBOL_EXTENSIONS = YES;
				CLANG_ANALYZER_NONNULL = YES;
				CLANG_ANALYZER_NUMBER_OBJECT_CONVERSION = YES_AGGRESSIVE;
				CLANG_CXX_LANGUAGE_STANDARD = "gnu++20";
				CLANG_ENABLE_MODULES = YES;
				CLANG_ENABLE_OBJC_ARC = YES;
				CLANG_ENABLE_OBJC_WEAK = YES;
				CLANG_WARN_BLOCK_CAPTURE_AUTORELEASING = YES;
				CLANG_WARN_BOOL_CONVERSION = YES;
				CLANG_WARN_COMMA = YES;
				CLANG_WARN_CONSTANT_CONVERSION = YES;
				CLANG_WARN_DEPRECATED_OBJC_IMPLEMENTATIONS = YES;
				CLANG_WARN_DIRECT_OBJC_ISA_USAGE = YES_ERROR;
				CLANG_WARN_DOCUMENTATION_COMMENTS = YES;
				CLANG_WARN_EMPTY_BODY = YES;
				CLANG_WARN_ENUM_CONVERSION = YES;
				CLANG_WARN_INFINITE_RECURSION = YES;
				CLANG_WARN_INT_CONVERSION = YES;
				CLANG_WARN_NON_LITERAL_NULL_CONVERSION = YES;
				CLANG_WARN_OBJC_IMPLICIT_RETAIN_SELF = YES;
				CLANG_WARN_OBJC_LITERAL_CONVERSION = YES;
				CLANG_WARN_OBJC_ROOT_CLASS = YES_ERROR;
				CLANG_WARN_QUOTED_INCLUDE_IN_FRAMEWORK_HEADER = YES;
				CLANG_WARN_RANGE_LOOP_ANALYSIS = YES;
				CLANG_WARN_STRICT_PROTOTYPES = YES;
				CLANG_WARN_SUSPICIOUS_MOVE = YES;
				CLANG_WARN_UNGUARDED_AVAILABILITY = YES_AGGRESSIVE;
				CLANG_WARN_UNREACHABLE_CODE = YES;
				CLANG_WARN__DUPLICATE_METHOD_MATCH = YES;
				COPY_PHASE_STRIP = NO;
				DEBUG_INFORMATION_FORMAT = dwarf;
				ENABLE_STRICT_OBJC_MSGSEND = YES;
				ENABLE_TESTABILITY = YES;
				ENABLE_USER_SCRIPT_SANDBOXING = YES;
				GCC_C_LANGUAGE_STANDARD = gnu17;
				GCC_DYNAMIC_NO_PIC = NO;
				GCC_NO_COMMON_BLOCKS = YES;
				GCC_OPTIMIZATION_LEVEL = 0;
				GCC_PREPROCESSOR_DEFINITIONS = (
					"DEBUG=1",
					"$(inherited)",
				);
				GCC_WARN_64_TO_32_BIT_CONVERSION = YES;
				GCC_WARN_ABOUT_RETURN_TYPE = YES_ERROR;
				GCC_WARN_UNDECLARED_SELECTOR = YES;
				GCC_WARN_UNINITIALIZED_AUTOS = YES_AGGRESSIVE;
				GCC_WARN_UNUSED_FUNCTION = YES;
				GCC_WARN_UNUSED_VARIABLE = YES;
				LOCALIZATION_PREFERS_STRING_CATALOGS = YES;
				MACOSX_DEPLOYMENT_TARGET = 14.0;
				MTL_ENABLE_DEBUG_INFO = INCLUDE_SOURCE;
				MTL_FAST_MATH = YES;
				ONLY_ACTIVE_ARCH = YES;
				SDKROOT = macosx;
				SWIFT_ACTIVE_COMPILATION_CONDITIONS = "DEBUG $(inherited)";
				SWIFT_OPTIMIZATION_LEVEL = "-Onone";
			};
			name = Debug;
		};
		D33B5B082B1DADA500B420D4 /* Release */ = {
			isa = XCBuildConfiguration;
			buildSettings = {
				ALWAYS_SEARCH_USER_PATHS = NO;
				ASSETCATALOG_COMPILER_GENERATE_SWIFT_ASSET_SYMBOL_EXTENSIONS = YES;
				CLANG_ANALYZER_NONNULL = YES;
				CLANG_ANALYZER_NUMBER_OBJECT_CONVERSION = YES_AGGRESSIVE;
				CLANG_CXX_LANGUAGE_STANDARD = "gnu++20";
				CLANG_ENABLE_MODULES = YES;
				CLANG_ENABLE_OBJC_ARC = YES;
				CLANG_ENABLE_OBJC_WEAK = YES;
				CLANG_WARN_BLOCK_CAPTURE_AUTORELEASING = YES;
				CLANG_WARN_BOOL_CONVERSION = YES;
				CLANG_WARN_COMMA = YES;
				CLANG_WARN_CONSTANT_CONVERSION = YES;
				CLANG_WARN_DEPRECATED_OBJC_IMPLEMENTATIONS = YES;
				CLANG_WARN_DIRECT_OBJC_ISA_USAGE = YES_ERROR;
				CLANG_WARN_DOCUMENTATION_COMMENTS = YES;
				CLANG_WARN_EMPTY_BODY = YES;
				CLANG_WARN_ENUM_CONVERSION = YES;
				CLANG_WARN_INFINITE_RECURSION = YES;
				CLANG_WARN_INT_CONVERSION = YES;
				CLANG_WARN_NON_LITERAL_NULL_CONVERSION = YES;
				CLANG_WARN_OBJC_IMPLICIT_RETAIN_SELF = YES;
				CLANG_WARN_OBJC_LITERAL_CONVERSION = YES;
				CLANG_WARN_OBJC_ROOT_CLASS = YES_ERROR;
				CLANG_WARN_QUOTED_INCLUDE_IN_FRAMEWORK_HEADER = YES;
				CLANG_WARN_RANGE_LOOP_ANALYSIS = YES;
				CLANG_WARN_STRICT_PROTOTYPES = YES;
				CLANG_WARN_SUSPICIOUS_MOVE = YES;
				CLANG_WARN_UNGUARDED_AVAILABILITY = YES_AGGRESSIVE;
				CLANG_WARN_UNREACHABLE_CODE = YES;
				CLANG_WARN__DUPLICATE_METHOD_MATCH = YES;
				COPY_PHASE_STRIP = NO;
				DEBUG_INFORMATION_FORMAT = "dwarf-with-dsym";
				ENABLE_NS_ASSERTIONS = NO;
				ENABLE_STRICT_OBJC_MSGSEND = YES;
				ENABLE_USER_SCRIPT_SANDBOXING = YES;
				GCC_C_LANGUAGE_STANDARD = gnu17;
				GCC_NO_COMMON_BLOCKS = YES;
				GCC_WARN_64_TO_32_BIT_CONVERSION = YES;
				GCC_WARN_ABOUT_RETURN_TYPE = YES_ERROR;
				GCC_WARN_UNDECLARED_SELECTOR = YES;
				GCC_WARN_UNINITIALIZED_AUTOS = YES_AGGRESSIVE;
				GCC_WARN_UNUSED_FUNCTION = YES;
				GCC_WARN_UNUSED_VARIABLE = YES;
				LOCALIZATION_PREFERS_STRING_CATALOGS = YES;
				MACOSX_DEPLOYMENT_TARGET = 14.0;
				MTL_ENABLE_DEBUG_INFO = NO;
				MTL_FAST_MATH = YES;
				SDKROOT = macosx;
				SWIFT_COMPILATION_MODE = wholemodule;
			};
			name = Release;
		};
		D33B5B0A2B1DADA500B420D4 /* Debug */ = {
			isa = XCBuildConfiguration;
			buildSettings = {
				ASSETCATALOG_COMPILER_APPICON_NAME = AppIcon;
				ASSETCATALOG_COMPILER_GLOBAL_ACCENT_COLOR_NAME = AccentColor;
				CODE_SIGN_ENTITLEMENTS = Jot/Jot.entitlements;
				CODE_SIGN_STYLE = Automatic;
				COMBINE_HIDPI_IMAGES = YES;
				CURRENT_PROJECT_VERSION = 2;
				DEVELOPMENT_TEAM = Q6KW3YY9SU;
				ENABLE_HARDENED_RUNTIME = YES;
				GENERATE_INFOPLIST_FILE = YES;
				INFOPLIST_FILE = Jot/Info.plist;
				INFOPLIST_KEY_LSApplicationCategoryType = "public.app-category.productivity";
				INFOPLIST_KEY_NSHumanReadableCopyright = "";
				INFOPLIST_KEY_NSMainStoryboardFile = Main;
				INFOPLIST_KEY_NSPrincipalClass = NSApplication;
				LD_RUNPATH_SEARCH_PATHS = (
					"$(inherited)",
					"@executable_path/../Frameworks",
				);
				MACOSX_DEPLOYMENT_TARGET = 12.0;
				MARKETING_VERSION = 1.0;
				PRODUCT_BUNDLE_IDENTIFIER = com.brian.jot;
				PRODUCT_NAME = "$(TARGET_NAME)";
				SWIFT_EMIT_LOC_STRINGS = YES;
				SWIFT_VERSION = 5.0;
			};
			name = Debug;
		};
		D33B5B0B2B1DADA500B420D4 /* Release */ = {
			isa = XCBuildConfiguration;
			buildSettings = {
				ASSETCATALOG_COMPILER_APPICON_NAME = AppIcon;
				ASSETCATALOG_COMPILER_GLOBAL_ACCENT_COLOR_NAME = AccentColor;
				CODE_SIGN_ENTITLEMENTS = Jot/Jot.entitlements;
				CODE_SIGN_STYLE = Automatic;
				COMBINE_HIDPI_IMAGES = YES;
				CURRENT_PROJECT_VERSION = 2;
				DEVELOPMENT_TEAM = Q6KW3YY9SU;
				ENABLE_HARDENED_RUNTIME = YES;
				GENERATE_INFOPLIST_FILE = YES;
				INFOPLIST_FILE = Jot/Info.plist;
				INFOPLIST_KEY_LSApplicationCategoryType = "public.app-category.productivity";
				INFOPLIST_KEY_NSHumanReadableCopyright = "";
				INFOPLIST_KEY_NSMainStoryboardFile = Main;
				INFOPLIST_KEY_NSPrincipalClass = NSApplication;
				LD_RUNPATH_SEARCH_PATHS = (
					"$(inherited)",
					"@executable_path/../Frameworks",
				);
				MACOSX_DEPLOYMENT_TARGET = 12.0;
				MARKETING_VERSION = 1.0;
				PRODUCT_BUNDLE_IDENTIFIER = com.brian.jot;
				PRODUCT_NAME = "$(TARGET_NAME)";
				SWIFT_EMIT_LOC_STRINGS = YES;
				SWIFT_VERSION = 5.0;
			};
			name = Release;
		};
/* End XCBuildConfiguration section */

/* Begin XCConfigurationList section */
		D33B5AF22B1DADA300B420D4 /* Build configuration list for PBXProject "Jot" */ = {
			isa = XCConfigurationList;
			buildConfigurations = (
				D33B5B072B1DADA500B420D4 /* Debug */,
				D33B5B082B1DADA500B420D4 /* Release */,
			);
			defaultConfigurationIsVisible = 0;
			defaultConfigurationName = Release;
		};
		D33B5B092B1DADA500B420D4 /* Build configuration list for PBXNativeTarget "Jot" */ = {
			isa = XCConfigurationList;
			buildConfigurations = (
				D33B5B0A2B1DADA500B420D4 /* Debug */,
				D33B5B0B2B1DADA500B420D4 /* Release */,
			);
			defaultConfigurationIsVisible = 0;
			defaultConfigurationName = Release;
		};
/* End XCConfigurationList section */
	};
	rootObject = D33B5AEF2B1DADA300B420D4 /* Project object */;
}
